
Microsoft Visual Studio Solution File, Format Version 12.00
# Visual Studio 15
VisualStudioVersion = 15.0.26124.0
MinimumVisualStudioVersion = 15.0.26124.0
Project("{FAE04EC0-301F-11D3-BF4B-00C04F79EFBC}") = "QuickBuy.Dominio", "QuickBuy.Dominio\QuickBuy.Dominio.csproj", "{73637FBC-E8DD-4722-8022-8234DC8170E5}"
EndProject
Project("{FAE04EC0-301F-11D3-BF4B-00C04F79EFBC}") = "QuickBuy.Repositorio", "QuickBuy.Repositorio\QuickBuy.Repositorio.csproj", "{0F68906A-2EF9-42D7-8F47-C24D63431547}"
EndProject
Project("{FAE04EC0-301F-11D3-BF4B-00C04F79EFBC}") = "QuickBuy.Web", "QuickBuy.Web\QuickBuy.Web.csproj", "{F2416DC1-E71B-4FF9-84B5-05E80BE62AED}"
EndProject
Global
	GlobalSection(SolutionConfigurationPlatforms) = preSolution
		Debug|Any CPU = Debug|Any CPU
		Debug|x64 = Debug|x64
		Debug|x86 = Debug|x86
		Release|Any CPU = Release|Any CPU
		Release|x64 = Release|x64
		Release|x86 = Release|x86
	EndGlobalSection
	GlobalSection(SolutionProperties) = preSolution
		HideSolutionNode = FALSE
	EndGlobalSection
	GlobalSection(ProjectConfigurationPlatforms) = postSolution
		{73637FBC-E8DD-4722-8022-8234DC8170E5}.Debug|Any CPU.ActiveCfg = Debug|Any CPU
		{73637FBC-E8DD-4722-8022-8234DC8170E5}.Debug|Any CPU.Build.0 = Debug|Any CPU
		{73637FBC-E8DD-4722-8022-8234DC8170E5}.Debug|x64.ActiveCfg = Debug|Any CPU
		{73637FBC-E8DD-4722-8022-8234DC8170E5}.Debug|x64.Build.0 = Debug|Any CPU
		{73637FBC-E8DD-4722-8022-8234DC8170E5}.Debug|x86.ActiveCfg = Debug|Any CPU
		{73637FBC-E8DD-4722-8022-8234DC8170E5}.Debug|x86.Build.0 = Debug|Any CPU
		{73637FBC-E8DD-4722-8022-8234DC8170E5}.Release|Any CPU.ActiveCfg = Release|Any CPU
		{73637FBC-E8DD-4722-8022-8234DC8170E5}.Release|Any CPU.Build.0 = Release|Any CPU
		{73637FBC-E8DD-4722-8022-8234DC8170E5}.Release|x64.ActiveCfg = Release|Any CPU
		{73637FBC-E8DD-4722-8022-8234DC8170E5}.Release|x64.Build.0 = Release|Any CPU
		{73637FBC-E8DD-4722-8022-8234DC8170E5}.Release|x86.ActiveCfg = Release|Any CPU
		{73637FBC-E8DD-4722-8022-8234DC8170E5}.Release|x86.Build.0 = Release|Any CPU
		{0F68906A-2EF9-42D7-8F47-C24D63431547}.Debug|Any CPU.ActiveCfg = Debug|Any CPU
		{0F68906A-2EF9-42D7-8F47-C24D63431547}.Debug|Any CPU.Build.0 = Debug|Any CPU
		{0F68906A-2EF9-42D7-8F47-C24D63431547}.Debug|x64.ActiveCfg = Debug|Any CPU
		{0F68906A-2EF9-42D7-8F47-C24D63431547}.Debug|x64.Build.0 = Debug|Any CPU
		{0F68906A-2EF9-42D7-8F47-C24D63431547}.Debug|x86.ActiveCfg = Debug|Any CPU
		{0F68906A-2EF9-42D7-8F47-C24D63431547}.Debug|x86.Build.0 = Debug|Any CPU
		{0F68906A-2EF9-42D7-8F47-C24D63431547}.Release|Any CPU.ActiveCfg = Release|Any CPU
		{0F68906A-2EF9-42D7-8F47-C24D63431547}.Release|Any CPU.Build.0 = Release|Any CPU
		{0F68906A-2EF9-42D7-8F47-C24D63431547}.Release|x64.ActiveCfg = Release|Any CPU
		{0F68906A-2EF9-42D7-8F47-C24D63431547}.Release|x64.Build.0 = Release|Any CPU
		{0F68906A-2EF9-42D7-8F47-C24D63431547}.Release|x86.ActiveCfg = Release|Any CPU
		{0F68906A-2EF9-42D7-8F47-C24D63431547}.Release|x86.Build.0 = Release|Any CPU
		{F2416DC1-E71B-4FF9-84B5-05E80BE62AED}.Debug|Any CPU.ActiveCfg = Debug|Any CPU
		{F2416DC1-E71B-4FF9-84B5-05E80BE62AED}.Debug|Any CPU.Build.0 = Debug|Any CPU
		{F2416DC1-E71B-4FF9-84B5-05E80BE62AED}.Debug|x64.ActiveCfg = Debug|Any CPU
		{F2416DC1-E71B-4FF9-84B5-05E80BE62AED}.Debug|x64.Build.0 = Debug|Any CPU
		{F2416DC1-E71B-4FF9-84B5-05E80BE62AED}.Debug|x86.ActiveCfg = Debug|Any CPU
		{F2416DC1-E71B-4FF9-84B5-05E80BE62AED}.Debug|x86.Build.0 = Debug|Any CPU
		{F2416DC1-E71B-4FF9-84B5-05E80BE62AED}.Release|Any CPU.ActiveCfg = Release|Any CPU
		{F2416DC1-E71B-4FF9-84B5-05E80BE62AED}.Release|Any CPU.Build.0 = Release|Any CPU
		{F2416DC1-E71B-4FF9-84B5-05E80BE62AED}.Release|x64.ActiveCfg = Release|Any CPU
		{F2416DC1-E71B-4FF9-84B5-05E80BE62AED}.Release|x64.Build.0 = Release|Any CPU
		{F2416DC1-E71B-4FF9-84B5-05E80BE62AED}.Release|x86.ActiveCfg = Release|Any CPU
		{F2416DC1-E71B-4FF9-84B5-05E80BE62AED}.Release|x86.Build.0 = Release|Any CPU
	EndGlobalSection
EndGlobal
